{
    "_meta": {
        "hash": {
            "sha256": "ef348bff6d6d7ad54340451eaec5bffa522ed1cebc6af6afd86346e7da69cb9e"
        },
        "pipfile-spec": 6,
        "requires": {
            "python_version": "3.10",
            "python_full_version": "3.10.5"
        },
        "sources": [
            {
                "name": "pypi",
                "url": "https://pypi.python.org/simple",
                "verify_ssl": true
            }
        ]
    },
    "default": {
        "msgpack-python": {
            "hashes": [
                "sha256:378cc8a6d3545b532dfd149da715abae4fda2a3adb6d74e525d0d5e51f46909b"
            ],
            "index": "pypi",
            "version": "==0.5.6"
        }
    },
    "develop": {}
}
