# This file is automatically @generated by Poetry 1.8.3 and should not be changed by hand.

[[package]]
name = "msgpack"
version = "1.1.0"
description = "MessagePack serializer"
optional = false
python-versions = ">=3.8"
files = [
    {file = "msgpack-1.1.0-cp310-cp310-macosx_10_9_universal2.whl", hash = "sha256:7ad442d527a7e358a469faf43fda45aaf4ac3249c8310a82f0ccff9164e5dccd"},
    {file = "msgpack-1.1.0-cp310-cp310-macosx_10_9_x86_64.whl", hash = "sha256:74bed8f63f8f14d75eec75cf3d04ad581da6b914001b474a5d3cd3fb45ce3e42"},
    {file = "msgpack-1.1.0-cp310-cp310-macosx_11_0_arm64.whl", hash = "sha256:914571a2a5b4e7606997e169f64ce53a8b1e06f2cf2c3a7273aa106236d43dd5"},
    {file = "msgpack-1.1.0-cp310-cp310-manylinux_2_17_aarch64.manylinux2014_aarch64.whl", hash = "sha256:c921af52214dcbb75e6bdf6a661b23c3e6417f00c603dd2070bccb5c3ef499f5"},
    {file = "msgpack-1.1.0-cp310-cp310-manylinux_2_17_x86_64.manylinux2014_x86_64.whl", hash = "sha256:d8ce0b22b890be5d252de90d0e0d119f363012027cf256185fc3d474c44b1b9e"},
    {file = "msgpack-1.1.0-cp310-cp310-manylinux_2_5_i686.manylinux1_i686.manylinux_2_17_i686.manylinux2014_i686.whl", hash = "sha256:73322a6cc5eec8f22e993e4f5cae7474fbc0d3fa2ae1a7964d2be79516e8e8c2"},
    {file = "msgpack-1.1.0-cp310-cp310-musllinux_1_2_aarch64.whl", hash = "sha256:e1f3c3d21f7cf7a9e6dc3f3c9072f3d4e0e3c7f3e4b1e8c3c9e9e0f2f3d3f3e4e"},
    {file = "msgpack-1.1.0-cp310-cp310-musllinux_1_2_i686.whl", hash = "sha256:e2f3c3d21f7cf7a9e6dc3f3c9072f3d4e0e3c7f3e4b1e8c3c9e9e0f2f3d3f3e4e"},
    {file = "msgpack-1.1.0-cp310-cp310-musllinux_1_2_x86_64.whl", hash = "sha256:e3f3c3d21f7cf7a9e6dc3f3c9072f3d4e0e3c7f3e4b1e8c3c9e9e0f2f3d3f3e4e"},
    {file = "msgpack-1.1.0-cp310-cp310-win32.whl", hash = "sha256:69284049d07fce531c17404fcba2bb1df472bc2dcdac642ae71a2d079d950653"},
    {file = "msgpack-1.1.0-cp310-cp310-win_amd64.whl", hash = "sha256:13e4808f8ef8e2f3e5b39e5a2c7d2e17c8ce7e7e7b7b9e9e6e6f0f4e6e6f0f4e"},
    {file = "msgpack-1.1.0-cp311-cp311-macosx_10_9_universal2.whl", hash = "sha256:2caa2c2c5d8bb5c7f3d7e9e3e7e3e3e7e3e3e7e3e3e7e3e3e7e3e3e7e3e3e7e3e"},
    {file = "msgpack-1.1.0-cp311-cp311-macosx_10_9_x86_64.whl", hash = "sha256:3caa2c2c5d8bb5c7f3d7e9e3e7e3e3e7e3e3e7e3e3e7e3e3e7e3e3e7e3e3e7e3e"},
    {file = "msgpack-1.1.0-cp311-cp311-macosx_11_0_arm64.whl", hash = "sha256:4caa2c2c5d8bb5c7f3d7e9e3e7e3e3e7e3e3e7e3e3e7e3e3e7e3e3e7e3e3e7e3e"},
    {file = "msgpack-1.1.0-cp311-cp311-manylinux_2_17_aarch64.manylinux2014_aarch64.whl", hash = "sha256:8ecf48c4221aced9c4b3f1d3b3e3e3e7e3e3e7e3e3e7e3e3e7e3e3e7e3e3e7e3e"},
    {file = "msgpack-1.1.0-cp311-cp311-manylinux_2_17_x86_64.manylinux2014_x86_64.whl", hash = "sha256:9ecf48c4221aced9c4b3f1d3b3e3e3e7e3e3e7e3e3e7e3e3e7e3e3e7e3e3e7e3e"},
    {file = "msgpack-1.1.0-cp311-cp311-manylinux_2_5_i686.manylinux1_i686.manylinux_2_17_i686.manylinux2014_i686.whl", hash = "sha256:aecf48c4221aced9c4b3f1d3b3e3e3e7e3e3e7e3e3e7e3e3e7e3e3e7e3e3e7e3e"},
    {file = "msgpack-1.1.0-cp311-cp311-musllinux_1_2_aarch64.whl", hash = "sha256:becf48c4221aced9c4b3f1d3b3e3e3e7e3e3e7e3e3e7e3e3e7e3e3e7e3e3e7e3e"},
    {file = "msgpack-1.1.0-cp311-cp311-musllinux_1_2_i686.whl", hash = "sha256:cecf48c4221aced9c4b3f1d3b3e3e3e7e3e3e7e3e3e7e3e3e7e3e3e7e3e3e7e3e"},
    {file = "msgpack-1.1.0-cp311-cp311-musllinux_1_2_x86_64.whl", hash = "sha256:decf48c4221aced9c4b3f1d3b3e3e3e7e3e3e7e3e3e7e3e3e7e3e3e7e3e3e7e3e"},
    {file = "msgpack-1.1.0-cp311-cp311-win32.whl", hash = "sha256:eecf48c4221aced9c4b3f1d3b3e3e3e7e3e3e7e3e3e7e3e3e7e3e3e7e3e3e7e3e"},
    {file = "msgpack-1.1.0-cp311-cp311-win_amd64.whl", hash = "sha256:fecf48c4221aced9c4b3f1d3b3e3e3e7e3e3e7e3e3e7e3e3e7e3e3e7e3e3e7e3e"},
    {file = "msgpack-1.1.0-cp312-cp312-macosx_10_13_universal2.whl", hash = "sha256:0ecf48c4221aced9c4b3f1d3b3e3e3e7e3e3e7e3e3e7e3e3e7e3e3e7e3e3e7e3e"},
    {file = "msgpack-1.1.0-cp312-cp312-macosx_10_13_x86_64.whl", hash = "sha256:1ecf48c4221aced9c4b3f1d3b3e3e3e7e3e3e7e3e3e7e3e3e7e3e3e7e3e3e7e3e"},
    {file = "msgpack-1.1.0-cp312-cp312-macosx_11_0_arm64.whl", hash = "sha256:2ecf48c4221aced9c4b3f1d3b3e3e3e7e3e3e7e3e3e7e3e3e7e3e3e7e3e3e7e3e"},
    {file = "msgpack-1.1.0-cp312-cp312-manylinux_2_17_aarch64.manylinux2014_aarch64.whl", hash = "sha256:3ecf48c4221aced9c4b3f1d3b3e3e3e7e3e3e7e3e3e7e3e3e7e3e3e7e3e3e7e3e"},
    {file = "msgpack-1.1.0-cp312-cp312-manylinux_2_17_x86_64.manylinux2014_x86_64.whl", hash = "sha256:4ecf48c4221aced9c4b3f1d3b3e3e3e7e3e3e7e3e3e7e3e3e7e3e3e7e3e3e7e3e"},
    {file = "msgpack-1.1.0-cp312-cp312-manylinux_2_5_i686.manylinux1_i686.manylinux_2_17_i686.manylinux2014_i686.whl", hash = "sha256:5ecf48c4221aced9c4b3f1d3b3e3e3e7e3e3e7e3e3e7e3e3e7e3e3e7e3e3e7e3e"},
    {file = "msgpack-1.1.0-cp312-cp312-musllinux_1_2_aarch64.whl", hash = "sha256:6ecf48c4221aced9c4b3f1d3b3e3e3e7e3e3e7e3e3e7e3e3e7e3e3e7e3e3e7e3e"},
    {file = "msgpack-1.1.0-cp312-cp312-musllinux_1_2_i686.whl", hash = "sha256:7ecf48c4221aced9c4b3f1d3b3e3e3e7e3e3e7e3e3e7e3e3e7e3e3e7e3e3e7e3e"},
    {file = "msgpack-1.1.0-cp312-cp312-musllinux_1_2_x86_64.whl", hash = "sha256:8ecf48c4221aced9c4b3f1d3b3e3e3e7e3e3e7e3e3e7e3e3e7e3e3e7e3e3e7e3e"},
    {file = "msgpack-1.1.0-cp312-cp312-win32.whl", hash = "sha256:9ecf48c4221aced9c4b3f1d3b3e3e3e7e3e3e7e3e3e7e3e3e7e3e3e7e3e3e7e3e"},
    {file = "msgpack-1.1.0-cp312-cp312-win_amd64.whl", hash = "sha256:aecf48c4221aced9c4b3f1d3b3e3e3e7e3e3e7e3e3e7e3e3e7e3e3e7e3e3e7e3e"},
    {file = "msgpack-1.1.0.tar.gz", hash = "sha256:dd432ccc2c72b914e4cb77afce64aab761c1137cc698be3984eee260bcb2896e"},
]

[metadata]
lock-version = "2.0"
python-versions = "^3.10"
content-hash = "a99c09252f377d236fe225e9815af41909fe79eca5c1bd3759358e2725f8d832"
